
Microsoft Visual Studio Solution File, Format Version 12.00
# Visual Studio 15
VisualStudioVersion = 15.0.27428.2011
MinimumVisualStudioVersion = 10.0.40219.1
Project("{FAE04EC0-301F-11D3-BF4B-00C04F79EFBC}") = "IntelipostMiddleware", "IntelipostMiddleware\IntelipostMiddleware.csproj", "{DF07A508-503A-4431-9DA9-1CD47640E45E}"
EndProject
Project("{2150E333-8FDC-42A3-9474-1A3956D46DE8}") = "Solution Items", "Solution Items", "{B3399AA8-F374-4AF3-81D9-2DD554CA3E0A}"
	ProjectSection(SolutionItems) = preProject
		.gitignore = .gitignore
	EndProjectSection
EndProject
Project("{FAE04EC0-301F-11D3-BF4B-00C04F79EFBC}") = "IntelipostMiddleware.Tests", "IntelipostMiddleware.Tests\IntelipostMiddleware.Tests.csproj", "{0FB6640C-E443-48DB-A84F-6DF31C77A0F3}"
EndProject
Global
	GlobalSection(SolutionConfigurationPlatforms) = preSolution
		Debug|Any CPU = Debug|Any CPU
		Release|Any CPU = Release|Any CPU
	EndGlobalSection
	GlobalSection(ProjectConfigurationPlatforms) = postSolution
		{DF07A508-503A-4431-9DA9-1CD47640E45E}.Debug|Any CPU.ActiveCfg = Debug|Any CPU
		{DF07A508-503A-4431-9DA9-1CD47640E45E}.Debug|Any CPU.Build.0 = Debug|Any CPU
		{DF07A508-503A-4431-9DA9-1CD47640E45E}.Release|Any CPU.ActiveCfg = Release|Any CPU
		{DF07A508-503A-4431-9DA9-1CD47640E45E}.Release|Any CPU.Build.0 = Release|Any CPU
		{0FB6640C-E443-48DB-A84F-6DF31C77A0F3}.Debug|Any CPU.ActiveCfg = Debug|Any CPU
		{0FB6640C-E443-48DB-A84F-6DF31C77A0F3}.Debug|Any CPU.Build.0 = Debug|Any CPU
		{0FB6640C-E443-48DB-A84F-6DF31C77A0F3}.Release|Any CPU.ActiveCfg = Release|Any CPU
		{0FB6640C-E443-48DB-A84F-6DF31C77A0F3}.Release|Any CPU.Build.0 = Release|Any CPU
	EndGlobalSection
	GlobalSection(SolutionProperties) = preSolution
		HideSolutionNode = FALSE
	EndGlobalSection
	GlobalSection(ExtensibilityGlobals) = postSolution
		SolutionGuid = {81800C67-9488-4238-A9DE-1B0F55085306}
	EndGlobalSection
EndGlobal
